
Microsoft Visual Studio Solution File, Format Version 12.00
# Visual Studio Version 17
VisualStudioVersion = 17.12.35707.178 d17.12
MinimumVisualStudioVersion = 10.0.40219.1
Project("{FAE04EC0-301F-11D3-BF4B-00C04F79EFBC}") = "API", "API\API.csproj", "{3D2C1F37-BEBC-4026-8223-879D97510372}"
EndProject
Project("{FAE04EC0-301F-11D3-BF4B-00C04F79EFBC}") = "BLL", "BLL\BLL.csproj", "{712E5FA6-8181-4429-A988-31F657896933}"
EndProject
Project("{FAE04EC0-301F-11D3-BF4B-00C04F79EFBC}") = "DAL", "DAL\DAL.csproj", "{81AF1DC2-663F-4E3B-80C2-E387339DC5C8}"
EndProject
Project("{FAE04EC0-301F-11D3-BF4B-00C04F79EFBC}") = "Models", "Models\Models.csproj", "{49A5F537-9CDD-437F-A2E2-515C42E829CD}"
EndProject
Global
	GlobalSection(SolutionConfigurationPlatforms) = preSolution
		Debug|Any CPU = Debug|Any CPU
		Release|Any CPU = Release|Any CPU
	EndGlobalSection
	GlobalSection(ProjectConfigurationPlatforms) = postSolution
		{3D2C1F37-BEBC-4026-8223-879D97510372}.Debug|Any CPU.ActiveCfg = Debug|Any CPU
		{3D2C1F37-BEBC-4026-8223-879D97510372}.Debug|Any CPU.Build.0 = Debug|Any CPU
		{3D2C1F37-BEBC-4026-8223-879D97510372}.Release|Any CPU.ActiveCfg = Release|Any CPU
		{3D2C1F37-BEBC-4026-8223-879D97510372}.Release|Any CPU.Build.0 = Release|Any CPU
		{712E5FA6-8181-4429-A988-31F657896933}.Debug|Any CPU.ActiveCfg = Debug|Any CPU
		{712E5FA6-8181-4429-A988-31F657896933}.Debug|Any CPU.Build.0 = Debug|Any CPU
		{712E5FA6-8181-4429-A988-31F657896933}.Release|Any CPU.ActiveCfg = Release|Any CPU
		{712E5FA6-8181-4429-A988-31F657896933}.Release|Any CPU.Build.0 = Release|Any CPU
		{81AF1DC2-663F-4E3B-80C2-E387339DC5C8}.Debug|Any CPU.ActiveCfg = Debug|Any CPU
		{81AF1DC2-663F-4E3B-80C2-E387339DC5C8}.Debug|Any CPU.Build.0 = Debug|Any CPU
		{81AF1DC2-663F-4E3B-80C2-E387339DC5C8}.Release|Any CPU.ActiveCfg = Release|Any CPU
		{81AF1DC2-663F-4E3B-80C2-E387339DC5C8}.Release|Any CPU.Build.0 = Release|Any CPU
		{49A5F537-9CDD-437F-A2E2-515C42E829CD}.Debug|Any CPU.ActiveCfg = Debug|Any CPU
		{49A5F537-9CDD-437F-A2E2-515C42E829CD}.Debug|Any CPU.Build.0 = Debug|Any CPU
		{49A5F537-9CDD-437F-A2E2-515C42E829CD}.Release|Any CPU.ActiveCfg = Release|Any CPU
		{49A5F537-9CDD-437F-A2E2-515C42E829CD}.Release|Any CPU.Build.0 = Release|Any CPU
	EndGlobalSection
	GlobalSection(SolutionProperties) = preSolution
		HideSolutionNode = FALSE
	EndGlobalSection
EndGlobal
